Microsoft Visual Studio Solution File, Format Version 12.00
# Visual Studio Version 17
VisualStudioVersion = 17.5.2.0
MinimumVisualStudioVersion = 10.0.40219.1
Project("{FAE04EC0-301F-11D3-BF4B-00C04F79EFBC}") = "Uczelnia", "Uczelnia.csproj", "{5E7973E4-5890-BD90-C2DD-011D9B9DDEEF}"
EndProject
Global
	GlobalSection(SolutionConfigurationPlatforms) = preSolution
		Debug|Any CPU = Debug|Any CPU
		Release|Any CPU = Release|Any CPU
	EndGlobalSection
	GlobalSection(ProjectConfigurationPlatforms) = postSolution
		{5E7973E4-5890-BD90-C2DD-011D9B9DDEEF}.Debug|Any CPU.ActiveCfg = Debug|Any CPU
		{5E7973E4-5890-BD90-C2DD-011D9B9DDEEF}.Debug|Any CPU.Build.0 = Debug|Any CPU
		{5E7973E4-5890-BD90-C2DD-011D9B9DDEEF}.Release|Any CPU.ActiveCfg = Release|Any CPU
		{5E7973E4-5890-BD90-C2DD-011D9B9DDEEF}.Release|Any CPU.Build.0 = Release|Any CPU
	EndGlobalSection
	GlobalSection(SolutionProperties) = preSolution
		HideSolutionNode = FALSE
	EndGlobalSection
	GlobalSection(ExtensibilityGlobals) = postSolution
		SolutionGuid = {22192D42-BCA1-4F28-8788-0399D9505F2C}
	EndGlobalSection
EndGlobal
